
Microsoft Visual Studio Solution File, Format Version 11.00
# Visual C# Express 2010
Project("{FAE04EC0-301F-11D3-BF4B-00C04F79EFBC}") = "DeployableEngines", "DeployableEngines.csproj", "{63037415-6C26-47C4-A8E5-4BE51E1CE838}"
EndProject
Global
	GlobalSection(SolutionConfigurationPlatforms) = preSolution
		Debug|Any CPU = Debug|Any CPU
		Release|Any CPU = Release|Any CPU
	EndGlobalSection
	GlobalSection(ProjectConfigurationPlatforms) = postSolution
		{63037415-6C26-47C4-A8E5-4BE51E1CE838}.Debug|Any CPU.ActiveCfg = Debug|Any CPU
		{63037415-6C26-47C4-A8E5-4BE51E1CE838}.Debug|Any CPU.Build.0 = Debug|Any CPU
		{63037415-6C26-47C4-A8E5-4BE51E1CE838}.Release|Any CPU.ActiveCfg = Release|Any CPU
		{63037415-6C26-47C4-A8E5-4BE51E1CE838}.Release|Any CPU.Build.0 = Release|Any CPU
	EndGlobalSection
	GlobalSection(SolutionProperties) = preSolution
		HideSolutionNode = FALSE
	EndGlobalSection
EndGlobal
